// !$*UTF8*$!
{
	archiveVersion = 1;
	classes = {
	};
	objectVersion = 50;
	objects = {

/* Begin PBXBuildFile section */
		297C3F2C2509517A00F5298E /* CPythonDayCountdown WatchKit App.app in Embed Watch Content */ = {isa = PBXBuildFile; fileRef = 297C3F2B2509517A00F5298E /* CPythonDayCountdown WatchKit App.app */; settings = {ATTRIBUTES = (RemoveHeadersOnCopy, ); }; };
		297C3F312509517B00F5298E /* Assets.xcassets in Resources */ = {isa = PBXBuildFile; fileRef = 297C3F302509517B00F5298E /* Assets.xcassets */; };
		297C3F382509517B00F5298E /* CPythonDayCountdown WatchKit Extension.appex in Embed App Extensions */ = {isa = PBXBuildFile; fileRef = 297C3F372509517B00F5298E /* CPythonDayCountdown WatchKit Extension.appex */; settings = {ATTRIBUTES = (RemoveHeadersOnCopy, ); }; };
		297C3F3D2509517B00F5298E /* ContentView.swift in Sources */ = {isa = PBXBuildFile; fileRef = 297C3F3C2509517B00F5298E /* ContentView.swift */; };
		297C3F3F2509517B00F5298E /* CPythonDayCountdownApp.swift in Sources */ = {isa = PBXBuildFile; fileRef = 297C3F3E2509517B00F5298E /* CPythonDayCountdownApp.swift */; };
		297C3F412509517B00F5298E /* ComplicationController.swift in Sources */ = {isa = PBXBuildFile; fileRef = 297C3F402509517B00F5298E /* ComplicationController.swift */; };
		297C3F432509517B00F5298E /* Assets.xcassets in Resources */ = {isa = PBXBuildFile; fileRef = 297C3F422509517B00F5298E /* Assets.xcassets */; };
		297C3F462509517B00F5298E /* Preview Assets.xcassets in Resources */ = {isa = PBXBuildFile; fileRef = 297C3F452509517B00F5298E /* Preview Assets.xcassets */; };
/* End PBXBuildFile section */

/* Begin PBXContainerItemProxy section */
		297C3F2D2509517A00F5298E /* PBXContainerItemProxy */ = {
			isa = PBXContainerItemProxy;
			containerPortal = 297C3F212509517A00F5298E /* Project object */;
			proxyType = 1;
			remoteGlobalIDString = 297C3F2A2509517A00F5298E;
			remoteInfo = "CPythonDayCountdown WatchKit App";
		};
		297C3F392509517B00F5298E /* PBXContainerItemProxy */ = {
			isa = PBXContainerItemProxy;
			containerPortal = 297C3F212509517A00F5298E /* Project object */;
			proxyType = 1;
			remoteGlobalIDString = 297C3F362509517B00F5298E;
			remoteInfo = "CPythonDayCountdown WatchKit Extension";
		};
/* End PBXContainerItemProxy section */

/* Begin PBXCopyFilesBuildPhase section */
		297C3F4D2509517B00F5298E /* Embed App Extensions */ = {
			isa = PBXCopyFilesBuildPhase;
			buildActionMask = 2147483647;
			dstPath = "";
			dstSubfolderSpec = 13;
			files = (
				297C3F382509517B00F5298E /* CPythonDayCountdown WatchKit Extension.appex in Embed App Extensions */,
			);
			name = "Embed App Extensions";
			runOnlyForDeploymentPostprocessing = 0;
		};
		297C3F512509517B00F5298E /* Embed Watch Content */ = {
			isa = PBXCopyFilesBuildPhase;
			buildActionMask = 2147483647;
			dstPath = "$(CONTENTS_FOLDER_PATH)/Watch";
			dstSubfolderSpec = 16;
			files = (
				297C3F2C2509517A00F5298E /* CPythonDayCountdown WatchKit App.app in Embed Watch Content */,
			);
			name = "Embed Watch Content";
			runOnlyForDeploymentPostprocessing = 0;
		};
/* End PBXCopyFilesBuildPhase section */

/* Begin PBXFileReference section */
		297C3F272509517A00F5298E /* CPythonDayCountdown.app */ = {isa = PBXFileReference; explicitFileType = wrapper.application; includeInIndex = 0; path = CPythonDayCountdown.app; sourceTree = BUILT_PRODUCTS_DIR; };
		297C3F2B2509517A00F5298E /* CPythonDayCountdown WatchKit App.app */ = {isa = PBXFileReference; explicitFileType = wrapper.application; includeInIndex = 0; path = "CPythonDayCountdown WatchKit App.app"; sourceTree = BUILT_PRODUCTS_DIR; };
		297C3F302509517B00F5298E /* Assets.xcassets */ = {isa = PBXFileReference; lastKnownFileType = folder.assetcatalog; path = Assets.xcassets; sourceTree = "<group>"; };
		297C3F322509517B00F5298E /* Info.plist */ = {isa = PBXFileReference; lastKnownFileType = text.plist.xml; path = Info.plist; sourceTree = "<group>"; };
		297C3F372509517B00F5298E /* CPythonDayCountdown WatchKit Extension.appex */ = {isa = PBXFileReference; explicitFileType = "wrapper.app-extension"; includeInIndex = 0; path = "CPythonDayCountdown WatchKit Extension.appex"; sourceTree = BUILT_PRODUCTS_DIR; };
		297C3F3C2509517B00F5298E /* ContentView.swift */ = {isa = PBXFileReference; lastKnownFileType = sourcecode.swift; path = ContentView.swift; sourceTree = "<group>"; };
		297C3F3E2509517B00F5298E /* CPythonDayCountdownApp.swift */ = {isa = PBXFileReference; lastKnownFileType = sourcecode.swift; path = CPythonDayCountdownApp.swift; sourceTree = "<group>"; };
		297C3F402509517B00F5298E /* ComplicationController.swift */ = {isa = PBXFileReference; lastKnownFileType = sourcecode.swift; path = ComplicationController.swift; sourceTree = "<group>"; };
		297C3F422509517B00F5298E /* Assets.xcassets */ = {isa = PBXFileReference; lastKnownFileType = folder.assetcatalog; path = Assets.xcassets; sourceTree = "<group>"; };
		297C3F452509517B00F5298E /* Preview Assets.xcassets */ = {isa = PBXFileReference; lastKnownFileType = folder.assetcatalog; path = "Preview Assets.xcassets"; sourceTree = "<group>"; };
		297C3F472509517B00F5298E /* Info.plist */ = {isa = PBXFileReference; lastKnownFileType = text.plist.xml; path = Info.plist; sourceTree = "<group>"; };
/* End PBXFileReference section */

/* Begin PBXFrameworksBuildPhase section */
		297C3F342509517B00F5298E /* Frameworks */ = {
			isa = PBXFrameworksBuildPhase;
			buildActionMask = 2147483647;
			files = (
			);
			runOnlyForDeploymentPostprocessing = 0;
		};
/* End PBXFrameworksBuildPhase section */

/* Begin PBXGroup section */
		297C3F202509517A00F5298E = {
			isa = PBXGroup;
			children = (
				297C3F2F2509517A00F5298E /* CPythonDayCountdown WatchKit App */,
				297C3F3B2509517B00F5298E /* CPythonDayCountdown WatchKit Extension */,
				297C3F282509517A00F5298E /* Products */,
			);
			sourceTree = "<group>";
		};
		297C3F282509517A00F5298E /* Products */ = {
			isa = PBXGroup;
			children = (
				297C3F272509517A00F5298E /* CPythonDayCountdown.app */,
				297C3F2B2509517A00F5298E /* CPythonDayCountdown WatchKit App.app */,
				297C3F372509517B00F5298E /* CPythonDayCountdown WatchKit Extension.appex */,
			);
			name = Products;
			sourceTree = "<group>";
		};
		297C3F2F2509517A00F5298E /* CPythonDayCountdown WatchKit App */ = {
			isa = PBXGroup;
			children = (
				297C3F302509517B00F5298E /* Assets.xcassets */,
				297C3F322509517B00F5298E /* Info.plist */,
			);
			path = "CPythonDayCountdown WatchKit App";
			sourceTree = "<group>";
		};
		297C3F3B2509517B00F5298E /* CPythonDayCountdown WatchKit Extension */ = {
			isa = PBXGroup;
			children = (
				297C3F3C2509517B00F5298E /* ContentView.swift */,
				297C3F3E2509517B00F5298E /* CPythonDayCountdownApp.swift */,
				297C3F402509517B00F5298E /* ComplicationController.swift */,
				297C3F422509517B00F5298E /* Assets.xcassets */,
				297C3F472509517B00F5298E /* Info.plist */,
				297C3F442509517B00F5298E /* Preview Content */,
			);
			path = "CPythonDayCountdown WatchKit Extension";
			sourceTree = "<group>";
		};
		297C3F442509517B00F5298E /* Preview Content */ = {
			isa = PBXGroup;
			children = (
				297C3F452509517B00F5298E /* Preview Assets.xcassets */,
			);
			path = "Preview Content";
			sourceTree = "<group>";
		};
/* End PBXGroup section */

/* Begin PBXNativeTarget section */
		297C3F262509517A00F5298E /* CPythonDayCountdown */ = {
			isa = PBXNativeTarget;
			buildConfigurationList = 297C3F522509517B00F5298E /* Build configuration list for PBXNativeTarget "CPythonDayCountdown" */;
			buildPhases = (
				297C3F252509517A00F5298E /* Resources */,
				297C3F512509517B00F5298E /* Embed Watch Content */,
			);
			buildRules = (
			);
			dependencies = (
				297C3F2E2509517A00F5298E /* PBXTargetDependency */,
			);
			name = CPythonDayCountdown;
			productName = CPythonDayCountdown;
			productReference = 297C3F272509517A00F5298E /* CPythonDayCountdown.app */;
			productType = "com.apple.product-type.application.watchapp2-container";
		};
		297C3F2A2509517A00F5298E /* CPythonDayCountdown WatchKit App */ = {
			isa = PBXNativeTarget;
			buildConfigurationList = 297C3F4E2509517B00F5298E /* Build configuration list for PBXNativeTarget "CPythonDayCountdown WatchKit App" */;
			buildPhases = (
				297C3F292509517A00F5298E /* Resources */,
				297C3F4D2509517B00F5298E /* Embed App Extensions */,
			);
			buildRules = (
			);
			dependencies = (
				297C3F3A2509517B00F5298E /* PBXTargetDependency */,
			);
			name = "CPythonDayCountdown WatchKit App";
			productName = "CPythonDayCountdown WatchKit App";
			productReference = 297C3F2B2509517A00F5298E /* CPythonDayCountdown WatchKit App.app */;
			productType = "com.apple.product-type.application.watchapp2";
		};
		297C3F362509517B00F5298E /* CPythonDayCountdown WatchKit Extension */ = {
			isa = PBXNativeTarget;
			buildConfigurationList = 297C3F4A2509517B00F5298E /* Build configuration list for PBXNativeTarget "CPythonDayCountdown WatchKit Extension" */;
			buildPhases = (
				297C3F332509517B00F5298E /* Sources */,
				297C3F342509517B00F5298E /* Frameworks */,
				297C3F352509517B00F5298E /* Resources */,
			);
			buildRules = (
			);
			dependencies = (
			);
			name = "CPythonDayCountdown WatchKit Extension";
			productName = "CPythonDayCountdown WatchKit Extension";
			productReference = 297C3F372509517B00F5298E /* CPythonDayCountdown WatchKit Extension.appex */;
			productType = "com.apple.product-type.watchkit2-extension";
		};
/* End PBXNativeTarget section */

/* Begin PBXProject section */
		297C3F212509517A00F5298E /* Project object */ = {
			isa = PBXProject;
			attributes = {
				LastSwiftUpdateCheck = 1200;
				LastUpgradeCheck = 1200;
				TargetAttributes = {
					297C3F262509517A00F5298E = {
						CreatedOnToolsVersion = 12.0;
					};
					297C3F2A2509517A00F5298E = {
						CreatedOnToolsVersion = 12.0;
					};
					297C3F362509517B00F5298E = {
						CreatedOnToolsVersion = 12.0;
					};
				};
			};
			buildConfigurationList = 297C3F242509517A00F5298E /* Build configuration list for PBXProject "CPythonDayCountdown" */;
			compatibilityVersion = "Xcode 9.3";
			developmentRegion = en;
			hasScannedForEncodings = 0;
			knownRegions = (
				en,
				Base,
			);
			mainGroup = 297C3F202509517A00F5298E;
			productRefGroup = 297C3F282509517A00F5298E /* Products */;
			projectDirPath = "";
			projectRoot = "";
			targets = (
				297C3F262509517A00F5298E /* CPythonDayCountdown */,
				297C3F2A2509517A00F5298E /* CPythonDayCountdown WatchKit App */,
				297C3F362509517B00F5298E /* CPythonDayCountdown WatchKit Extension */,
			);
		};
/* End PBXProject section */

/* Begin PBXResourcesBuildPhase section */
		297C3F252509517A00F5298E /* Resources */ = {
			isa = PBXResourcesBuildPhase;
			buildActionMask = 2147483647;
			files = (
			);
			runOnlyForDeploymentPostprocessing = 0;
		};
		297C3F292509517A00F5298E /* Resources */ = {
			isa = PBXResourcesBuildPhase;
			buildActionMask = 2147483647;
			files = (
				297C3F312509517B00F5298E /* Assets.xcassets in Resources */,
			);
			runOnlyForDeploymentPostprocessing = 0;
		};
		297C3F352509517B00F5298E /* Resources */ = {
			isa = PBXResourcesBuildPhase;
			buildActionMask = 2147483647;
			files = (
				297C3F462509517B00F5298E /* Preview Assets.xcassets in Resources */,
				297C3F432509517B00F5298E /* Assets.xcassets in Resources */,
			);
			runOnlyForDeploymentPostprocessing = 0;
		};
/* End PBXResourcesBuildPhase section */

/* Begin PBXSourcesBuildPhase section */
		297C3F332509517B00F5298E /* Sources */ = {
			isa = PBXSourcesBuildPhase;
			buildActionMask = 2147483647;
			files = (
				297C3F3F2509517B00F5298E /* CPythonDayCountdownApp.swift in Sources */,
				297C3F3D2509517B00F5298E /* ContentView.swift in Sources */,
				297C3F412509517B00F5298E /* ComplicationController.swift in Sources */,
			);
			runOnlyForDeploymentPostprocessing = 0;
		};
/* End PBXSourcesBuildPhase section */

/* Begin PBXTargetDependency section */
		297C3F2E2509517A00F5298E /* PBXTargetDependency */ = {
			isa = PBXTargetDependency;
			target = 297C3F2A2509517A00F5298E /* CPythonDayCountdown WatchKit App */;
			targetProxy = 297C3F2D2509517A00F5298E /* PBXContainerItemProxy */;
		};
		297C3F3A2509517B00F5298E /* PBXTargetDependency */ = {
			isa = PBXTargetDependency;
			target = 297C3F362509517B00F5298E /* CPythonDayCountdown WatchKit Extension */;
			targetProxy = 297C3F392509517B00F5298E /* PBXContainerItemProxy */;
		};
/* End PBXTargetDependency section */

/* Begin XCBuildConfiguration section */
		297C3F482509517B00F5298E /* Debug */ = {
			isa = XCBuildConfiguration;
			buildSettings = {
				ALWAYS_SEARCH_USER_PATHS = NO;
				CLANG_ANALYZER_NONNULL = YES;
				CLANG_ANALYZER_NUMBER_OBJECT_CONVERSION = YES_AGGRESSIVE;
				CLANG_CXX_LANGUAGE_STANDARD = "gnu++14";
				CLANG_CXX_LIBRARY = "libc++";
				CLANG_ENABLE_MODULES = YES;
				CLANG_ENABLE_OBJC_ARC = YES;
				CLANG_ENABLE_OBJC_WEAK = YES;
				CLANG_WARN_BLOCK_CAPTURE_AUTORELEASING = YES;
				CLANG_WARN_BOOL_CONVERSION = YES;
				CLANG_WARN_COMMA = YES;
				CLANG_WARN_CONSTANT_CONVERSION = YES;
				CLANG_WARN_DEPRECATED_OBJC_IMPLEMENTATIONS = YES;
				CLANG_WARN_DIRECT_OBJC_ISA_USAGE = YES_ERROR;
				CLANG_WARN_DOCUMENTATION_COMMENTS = YES;
				CLANG_WARN_EMPTY_BODY = YES;
				CLANG_WARN_ENUM_CONVERSION = YES;
				CLANG_WARN_INFINITE_RECURSION = YES;
				CLANG_WARN_INT_CONVERSION = YES;
				CLANG_WARN_NON_LITERAL_NULL_CONVERSION = YES;
				CLANG_WARN_OBJC_IMPLICIT_RETAIN_SELF = YES;
				CLANG_WARN_OBJC_LITERAL_CONVERSION = YES;
				CLANG_WARN_OBJC_ROOT_CLASS = YES_ERROR;
				CLANG_WARN_QUOTED_INCLUDE_IN_FRAMEWORK_HEADER = YES;
				CLANG_WARN_RANGE_LOOP_ANALYSIS = YES;
				CLANG_WARN_STRICT_PROTOTYPES = YES;
				CLANG_WARN_SUSPICIOUS_MOVE = YES;
				CLANG_WARN_UNGUARDED_AVAILABILITY = YES_AGGRESSIVE;
				CLANG_WARN_UNREACHABLE_CODE = YES;
				CLANG_WARN__DUPLICATE_METHOD_MATCH = YES;
				COPY_PHASE_STRIP = NO;
				DEBUG_INFORMATION_FORMAT = dwarf;
				ENABLE_STRICT_OBJC_MSGSEND = YES;
				ENABLE_TESTABILITY = YES;
				GCC_C_LANGUAGE_STANDARD = gnu11;
				GCC_DYNAMIC_NO_PIC = NO;
				GCC_NO_COMMON_BLOCKS = YES;
				GCC_OPTIMIZATION_LEVEL = 0;
				GCC_PREPROCESSOR_DEFINITIONS = (
					"DEBUG=1",
					"$(inherited)",
				);
				GCC_WARN_64_TO_32_BIT_CONVERSION = YES;
				GCC_WARN_ABOUT_RETURN_TYPE = YES_ERROR;
				GCC_WARN_UNDECLARED_SELECTOR = YES;
				GCC_WARN_UNINITIALIZED_AUTOS = YES_AGGRESSIVE;
				GCC_WARN_UNUSED_FUNCTION = YES;
				GCC_WARN_UNUSED_VARIABLE = YES;
				MTL_ENABLE_DEBUG_INFO = INCLUDE_SOURCE;
				MTL_FAST_MATH = YES;
				ONLY_ACTIVE_ARCH = YES;
				SDKROOT = iphoneos;
				SWIFT_ACTIVE_COMPILATION_CONDITIONS = DEBUG;
				SWIFT_OPTIMIZATION_LEVEL = "-Onone";
			};
			name = Debug;
		};
		297C3F492509517B00F5298E /* Release */ = {
			isa = XCBuildConfiguration;
			buildSettings = {
				ALWAYS_SEARCH_USER_PATHS = NO;
				CLANG_ANALYZER_NONNULL = YES;
				CLANG_ANALYZER_NUMBER_OBJECT_CONVERSION = YES_AGGRESSIVE;
				CLANG_CXX_LANGUAGE_STANDARD = "gnu++14";
				CLANG_CXX_LIBRARY = "libc++";
				CLANG_ENABLE_MODULES = YES;
				CLANG_ENABLE_OBJC_ARC = YES;
				CLANG_ENABLE_OBJC_WEAK = YES;
				CLANG_WARN_BLOCK_CAPTURE_AUTORELEASING = YES;
				CLANG_WARN_BOOL_CONVERSION = YES;
				CLANG_WARN_COMMA = YES;
				CLANG_WARN_CONSTANT_CONVERSION = YES;
				CLANG_WARN_DEPRECATED_OBJC_IMPLEMENTATIONS = YES;
				CLANG_WARN_DIRECT_OBJC_ISA_USAGE = YES_ERROR;
				CLANG_WARN_DOCUMENTATION_COMMENTS = YES;
				CLANG_WARN_EMPTY_BODY = YES;
				CLANG_WARN_ENUM_CONVERSION = YES;
				CLANG_WARN_INFINITE_RECURSION = YES;
				CLANG_WARN_INT_CONVERSION = YES;
				CLANG_WARN_NON_LITERAL_NULL_CONVERSION = YES;
				CLANG_WARN_OBJC_IMPLICIT_RETAIN_SELF = YES;
				CLANG_WARN_OBJC_LITERAL_CONVERSION = YES;
				CLANG_WARN_OBJC_ROOT_CLASS = YES_ERROR;
				CLANG_WARN_QUOTED_INCLUDE_IN_FRAMEWORK_HEADER = YES;
				CLANG_WARN_RANGE_LOOP_ANALYSIS = YES;
				CLANG_WARN_STRICT_PROTOTYPES = YES;
				CLANG_WARN_SUSPICIOUS_MOVE = YES;
				CLANG_WARN_UNGUARDED_AVAILABILITY = YES_AGGRESSIVE;
				CLANG_WARN_UNREACHABLE_CODE = YES;
				CLANG_WARN__DUPLICATE_METHOD_MATCH = YES;
				COPY_PHASE_STRIP = NO;
				DEBUG_INFORMATION_FORMAT = "dwarf-with-dsym";
				ENABLE_NS_ASSERTIONS = NO;
				ENABLE_STRICT_OBJC_MSGSEND = YES;
				GCC_C_LANGUAGE_STANDARD = gnu11;
				GCC_NO_COMMON_BLOCKS = YES;
				GCC_WARN_64_TO_32_BIT_CONVERSION = YES;
				GCC_WARN_ABOUT_RETURN_TYPE = YES_ERROR;
				GCC_WARN_UNDECLARED_SELECTOR = YES;
				GCC_WARN_UNINITIALIZED_AUTOS = YES_AGGRESSIVE;
				GCC_WARN_UNUSED_FUNCTION = YES;
				GCC_WARN_UNUSED_VARIABLE = YES;
				MTL_ENABLE_DEBUG_INFO = NO;
				MTL_FAST_MATH = YES;
				SDKROOT = iphoneos;
				SWIFT_COMPILATION_MODE = wholemodule;
				SWIFT_OPTIMIZATION_LEVEL = "-O";
				VALIDATE_PRODUCT = YES;
			};
			name = Release;
		};
		297C3F4B2509517B00F5298E /* Debug */ = {
			isa = XCBuildConfiguration;
			buildSettings = {
				ASSETCATALOG_COMPILER_COMPLICATION_NAME = Complication;
				CODE_SIGN_STYLE = Automatic;
				DEVELOPMENT_ASSET_PATHS = "\"CPythonDayCountdown WatchKit Extension/Preview Content\"";
				DEVELOPMENT_TEAM = 2X94RM7457;
				ENABLE_PREVIEWS = YES;
				INFOPLIST_FILE = "CPythonDayCountdown WatchKit Extension/Info.plist";
				LD_RUNPATH_SEARCH_PATHS = (
					"$(inherited)",
					"@executable_path/Frameworks",
					"@executable_path/../../Frameworks",
				);
				PRODUCT_BUNDLE_IDENTIFIER = com.Adafruit.Industries.CPythonDayCountdown.watchkitapp.watchkitextension;
				PRODUCT_NAME = "${TARGET_NAME}";
				SDKROOT = watchos;
				SKIP_INSTALL = YES;
				SWIFT_VERSION = 5.0;
				TARGETED_DEVICE_FAMILY = 4;
				WATCHOS_DEPLOYMENT_TARGET = 7.0;
			};
			name = Debug;
		};
		297C3F4C2509517B00F5298E /* Release */ = {
			isa = XCBuildConfiguration;
			buildSettings = {
				ASSETCATALOG_COMPILER_COMPLICATION_NAME = Complication;
				CODE_SIGN_STYLE = Automatic;
				DEVELOPMENT_ASSET_PATHS = "\"CPythonDayCountdown WatchKit Extension/Preview Content\"";
				DEVELOPMENT_TEAM = 2X94RM7457;
				ENABLE_PREVIEWS = YES;
				INFOPLIST_FILE = "CPythonDayCountdown WatchKit Extension/Info.plist";
				LD_RUNPATH_SEARCH_PATHS = (
					"$(inherited)",
					"@executable_path/Frameworks",
					"@executable_path/../../Frameworks",
				);
				PRODUCT_BUNDLE_IDENTIFIER = com.Adafruit.Industries.CPythonDayCountdown.watchkitapp.watchkitextension;
				PRODUCT_NAME = "${TARGET_NAME}";
				SDKROOT = watchos;
				SKIP_INSTALL = YES;
				SWIFT_VERSION = 5.0;
				TARGETED_DEVICE_FAMILY = 4;
				WATCHOS_DEPLOYMENT_TARGET = 7.0;
			};
			name = Release;
		};
		297C3F4F2509517B00F5298E /* Debug */ = {
			isa = XCBuildConfiguration;
			buildSettings = {
				ALWAYS_EMBED_SWIFT_STANDARD_LIBRARIES = YES;
				ASSETCATALOG_COMPILER_APPICON_NAME = AppIcon;
				ASSETCATALOG_COMPILER_GLOBAL_ACCENT_COLOR_NAME = AccentColor;
				CODE_SIGN_STYLE = Automatic;
				DEVELOPMENT_TEAM = 2X94RM7457;
				IBSC_MODULE = CPythonDayCountdown_WatchKit_Extension;
				INFOPLIST_FILE = "CPythonDayCountdown WatchKit App/Info.plist";
				PRODUCT_BUNDLE_IDENTIFIER = com.Adafruit.Industries.CPythonDayCountdown.watchkitapp;
				PRODUCT_NAME = "$(TARGET_NAME)";
				SDKROOT = watchos;
				SKIP_INSTALL = YES;
				SWIFT_VERSION = 5.0;
				TARGETED_DEVICE_FAMILY = 4;
				WATCHOS_DEPLOYMENT_TARGET = 7.0;
			};
			name = Debug;
		};
		297C3F502509517B00F5298E /* Release */ = {
			isa = XCBuildConfiguration;
			buildSettings = {
				ALWAYS_EMBED_SWIFT_STANDARD_LIBRARIES = YES;
				ASSETCATALOG_COMPILER_APPICON_NAME = AppIcon;
				ASSETCATALOG_COMPILER_GLOBAL_ACCENT_COLOR_NAME = AccentColor;
				CODE_SIGN_STYLE = Automatic;
				DEVELOPMENT_TEAM = 2X94RM7457;
				IBSC_MODULE = CPythonDayCountdown_WatchKit_Extension;
				INFOPLIST_FILE = "CPythonDayCountdown WatchKit App/Info.plist";
				PRODUCT_BUNDLE_IDENTIFIER = com.Adafruit.Industries.CPythonDayCountdown.watchkitapp;
				PRODUCT_NAME = "$(TARGET_NAME)";
				SDKROOT = watchos;
				SKIP_INSTALL = YES;
				SWIFT_VERSION = 5.0;
				TARGETED_DEVICE_FAMILY = 4;
				WATCHOS_DEPLOYMENT_TARGET = 7.0;
			};
			name = Release;
		};
		297C3F532509517B00F5298E /* Debug */ = {
			isa = XCBuildConfiguration;
			buildSettings = {
				CODE_SIGN_STYLE = Automatic;
				CURRENT_PROJECT_VERSION = 1;
				DEVELOPMENT_TEAM = 2X94RM7457;
				MARKETING_VERSION = 1.0;
				PRODUCT_BUNDLE_IDENTIFIER = com.Adafruit.Industries.CPythonDayCountdown;
				PRODUCT_NAME = "$(TARGET_NAME)";
				SWIFT_VERSION = 5.0;
			};
			name = Debug;
		};
		297C3F542509517B00F5298E /* Release */ = {
			isa = XCBuildConfiguration;
			buildSettings = {
				CODE_SIGN_STYLE = Automatic;
				CURRENT_PROJECT_VERSION = 1;
				DEVELOPMENT_TEAM = 2X94RM7457;
				MARKETING_VERSION = 1.0;
				PRODUCT_BUNDLE_IDENTIFIER = com.Adafruit.Industries.CPythonDayCountdown;
				PRODUCT_NAME = "$(TARGET_NAME)";
				SWIFT_VERSION = 5.0;
			};
			name = Release;
		};
/* End XCBuildConfiguration section */

/* Begin XCConfigurationList section */
		297C3F242509517A00F5298E /* Build configuration list for PBXProject "CPythonDayCountdown" */ = {
			isa = XCConfigurationList;
			buildConfigurations = (
				297C3F482509517B00F5298E /* Debug */,
				297C3F492509517B00F5298E /* Release */,
			);
			defaultConfigurationIsVisible = 0;
			defaultConfigurationName = Release;
		};
		297C3F4A2509517B00F5298E /* Build configuration list for PBXNativeTarget "CPythonDayCountdown WatchKit Extension" */ = {
			isa = XCConfigurationList;
			buildConfigurations = (
				297C3F4B2509517B00F5298E /* Debug */,
				297C3F4C2509517B00F5298E /* Release */,
			);
			defaultConfigurationIsVisible = 0;
			defaultConfigurationName = Release;
		};
		297C3F4E2509517B00F5298E /* Build configuration list for PBXNativeTarget "CPythonDayCountdown WatchKit App" */ = {
			isa = XCConfigurationList;
			buildConfigurations = (
				297C3F4F2509517B00F5298E /* Debug */,
				297C3F502509517B00F5298E /* Release */,
			);
			defaultConfigurationIsVisible = 0;
			defaultConfigurationName = Release;
		};
		297C3F522509517B00F5298E /* Build configuration list for PBXNativeTarget "CPythonDayCountdown" */ = {
			isa = XCConfigurationList;
			buildConfigurations = (
				297C3F532509517B00F5298E /* Debug */,
				297C3F542509517B00F5298E /* Release */,
			);
			defaultConfigurationIsVisible = 0;
			defaultConfigurationName = Release;
		};
/* End XCConfigurationList section */
	};
	rootObject = 297C3F212509517A00F5298E /* Project object */;
}
